
Microsoft Visual Studio Solution File, Format Version 12.00
# Visual Studio Version 16
VisualStudioVersion = 16.0.30011.22
MinimumVisualStudioVersion = 10.0.40219.1
Project("{FAE04EC0-301F-11D3-BF4B-00C04F79EFBC}") = "TrackServiceTest", "TrackServiceTest\TrackServiceTest.csproj", "{6294132D-0552-4753-A9BF-975FB7D576F5}"
EndProject
Project("{FAE04EC0-301F-11D3-BF4B-00C04F79EFBC}") = "TrackService", "TrackService\TrackService.csproj", "{D774E04B-DED1-42A5-B45B-5E15EC1A0EC3}"
EndProject
Global
	GlobalSection(SolutionConfigurationPlatforms) = preSolution
		Debug|Any CPU = Debug|Any CPU
		Release|Any CPU = Release|Any CPU
	EndGlobalSection
	GlobalSection(ProjectConfigurationPlatforms) = postSolution
		{6294132D-0552-4753-A9BF-975FB7D576F5}.Debug|Any CPU.ActiveCfg = Debug|Any CPU
		{6294132D-0552-4753-A9BF-975FB7D576F5}.Debug|Any CPU.Build.0 = Debug|Any CPU
		{6294132D-0552-4753-A9BF-975FB7D576F5}.Release|Any CPU.ActiveCfg = Release|Any CPU
		{6294132D-0552-4753-A9BF-975FB7D576F5}.Release|Any CPU.Build.0 = Release|Any CPU
		{D774E04B-DED1-42A5-B45B-5E15EC1A0EC3}.Debug|Any CPU.ActiveCfg = Debug|Any CPU
		{D774E04B-DED1-42A5-B45B-5E15EC1A0EC3}.Debug|Any CPU.Build.0 = Debug|Any CPU
		{D774E04B-DED1-42A5-B45B-5E15EC1A0EC3}.Release|Any CPU.ActiveCfg = Release|Any CPU
		{D774E04B-DED1-42A5-B45B-5E15EC1A0EC3}.Release|Any CPU.Build.0 = Release|Any CPU
	EndGlobalSection
	GlobalSection(SolutionProperties) = preSolution
		HideSolutionNode = FALSE
	EndGlobalSection
	GlobalSection(ExtensibilityGlobals) = postSolution
		SolutionGuid = {68D44950-3D7D-4D9D-AE9B-A772300C72B6}
	EndGlobalSection
EndGlobal
